
Microsoft Visual Studio Solution File, Format Version 12.00
# Visual Studio Version 17
VisualStudioVersion = 17.7.34202.233
MinimumVisualStudioVersion = 10.0.40219.1
Project("{9A19103F-16F7-4668-BE54-9A1E7A4F7556}") = "MVC", "MVC\MVC.csproj", "{1566804A-BC19-40AC-B418-778C9DD936A8}"
EndProject
Project("{FAE04EC0-301F-11D3-BF4B-00C04F79EFBC}") = "Root", "Root\Root.csproj", "{CE4E4231-702C-4286-92C9-46531063057B}"
EndProject
Project("{FAE04EC0-301F-11D3-BF4B-00C04F79EFBC}") = "DataAccess", "DataAccess\DataAccess.csproj", "{4CBCFB99-49A2-45C6-821F-9D6C004C33DE}"
EndProject
Project("{FAE04EC0-301F-11D3-BF4B-00C04F79EFBC}") = "Business", "Business\Business.csproj", "{5CEA5630-0098-4A2A-BD49-B85754F387EE}"
EndProject
Global
	GlobalSection(SolutionConfigurationPlatforms) = preSolution
		Debug|Any CPU = Debug|Any CPU
		Release|Any CPU = Release|Any CPU
	EndGlobalSection
	GlobalSection(ProjectConfigurationPlatforms) = postSolution
		{1566804A-BC19-40AC-B418-778C9DD936A8}.Debug|Any CPU.ActiveCfg = Debug|Any CPU
		{1566804A-BC19-40AC-B418-778C9DD936A8}.Debug|Any CPU.Build.0 = Debug|Any CPU
		{1566804A-BC19-40AC-B418-778C9DD936A8}.Release|Any CPU.ActiveCfg = Release|Any CPU
		{1566804A-BC19-40AC-B418-778C9DD936A8}.Release|Any CPU.Build.0 = Release|Any CPU
		{CE4E4231-702C-4286-92C9-46531063057B}.Debug|Any CPU.ActiveCfg = Debug|Any CPU
		{CE4E4231-702C-4286-92C9-46531063057B}.Debug|Any CPU.Build.0 = Debug|Any CPU
		{CE4E4231-702C-4286-92C9-46531063057B}.Release|Any CPU.ActiveCfg = Release|Any CPU
		{CE4E4231-702C-4286-92C9-46531063057B}.Release|Any CPU.Build.0 = Release|Any CPU
		{4CBCFB99-49A2-45C6-821F-9D6C004C33DE}.Debug|Any CPU.ActiveCfg = Debug|Any CPU
		{4CBCFB99-49A2-45C6-821F-9D6C004C33DE}.Debug|Any CPU.Build.0 = Debug|Any CPU
		{4CBCFB99-49A2-45C6-821F-9D6C004C33DE}.Release|Any CPU.ActiveCfg = Release|Any CPU
		{4CBCFB99-49A2-45C6-821F-9D6C004C33DE}.Release|Any CPU.Build.0 = Release|Any CPU
		{5CEA5630-0098-4A2A-BD49-B85754F387EE}.Debug|Any CPU.ActiveCfg = Debug|Any CPU
		{5CEA5630-0098-4A2A-BD49-B85754F387EE}.Debug|Any CPU.Build.0 = Debug|Any CPU
		{5CEA5630-0098-4A2A-BD49-B85754F387EE}.Release|Any CPU.ActiveCfg = Release|Any CPU
		{5CEA5630-0098-4A2A-BD49-B85754F387EE}.Release|Any CPU.Build.0 = Release|Any CPU
	EndGlobalSection
	GlobalSection(SolutionProperties) = preSolution
		HideSolutionNode = FALSE
	EndGlobalSection
	GlobalSection(ExtensibilityGlobals) = postSolution
		SolutionGuid = {22CA9F9A-082A-4965-B3F7-FAAFD2A636A8}
	EndGlobalSection
EndGlobal
